
Microsoft Visual Studio Solution File, Format Version 12.00
# Visual Studio Version 17
VisualStudioVersion = 17.2.32602.215
MinimumVisualStudioVersion = 10.0.40219.1
Project("{FAE04EC0-301F-11D3-BF4B-00C04F79EFBC}") = "DotNetTask", "DotNetTask\DotNetTask.csproj", "{D918CECD-4010-45D7-BB5D-EFD6CD8AE88E}"
EndProject
Global
	GlobalSection(SolutionConfigurationPlatforms) = preSolution
		Debug|Any CPU = Debug|Any CPU
		Release|Any CPU = Release|Any CPU
	EndGlobalSection
	GlobalSection(ProjectConfigurationPlatforms) = postSolution
		{D918CECD-4010-45D7-BB5D-EFD6CD8AE88E}.Debug|Any CPU.ActiveCfg = Debug|Any CPU
		{D918CECD-4010-45D7-BB5D-EFD6CD8AE88E}.Debug|Any CPU.Build.0 = Debug|Any CPU
		{D918CECD-4010-45D7-BB5D-EFD6CD8AE88E}.Release|Any CPU.ActiveCfg = Release|Any CPU
		{D918CECD-4010-45D7-BB5D-EFD6CD8AE88E}.Release|Any CPU.Build.0 = Release|Any CPU
	EndGlobalSection
	GlobalSection(SolutionProperties) = preSolution
		HideSolutionNode = FALSE
	EndGlobalSection
	GlobalSection(ExtensibilityGlobals) = postSolution
		SolutionGuid = {41E0A745-43C7-478C-A200-DD55C93A2B7D}
	EndGlobalSection
EndGlobal
